// !$*UTF8*$!
{
	archiveVersion = 1;
	classes = {
	};
	objectVersion = 48;
	objects = {

/* Begin PBXBuildFile section */
		63A254A03495FEEA5E24E39B /* libPods-苏拉卡尔塔棋.a in Frameworks */ = {isa = PBXBuildFile; fileRef = 52D08F9C527793E65D0203C3 /* libPods-苏拉卡尔塔棋.a */; };
		A00F94802042A0EE001D3AE5 /* YZWalkManager.m in Sources */ = {isa = PBXBuildFile; fileRef = A00F947F2042A0EE001D3AE5 /* YZWalkManager.m */; };
		A00F94852042A691001D3AE5 /* YZFlyManager.m in Sources */ = {isa = PBXBuildFile; fileRef = A00F94842042A691001D3AE5 /* YZFlyManager.m */; };
		A00FA8D620565FEF0071CCEA /* YZNormalAI.m in Sources */ = {isa = PBXBuildFile; fileRef = A00FA8D520565FEF0071CCEA /* YZNormalAI.m */; };
		A037743A1FEA95AD0051D41A /* AppDelegate.m in Sources */ = {isa = PBXBuildFile; fileRef = A03774391FEA95AD0051D41A /* AppDelegate.m */; };
		A03774401FEA95AD0051D41A /* Main.storyboard in Resources */ = {isa = PBXBuildFile; fileRef = A037743E1FEA95AD0051D41A /* Main.storyboard */; };
		A03774421FEA95AD0051D41A /* Assets.xcassets in Resources */ = {isa = PBXBuildFile; fileRef = A03774411FEA95AD0051D41A /* Assets.xcassets */; };
		A03774451FEA95AD0051D41A /* LaunchScreen.storyboard in Resources */ = {isa = PBXBuildFile; fileRef = A03774431FEA95AD0051D41A /* LaunchScreen.storyboard */; };
		A03774481FEA95AD0051D41A /* main.m in Sources */ = {isa = PBXBuildFile; fileRef = A03774471FEA95AD0051D41A /* main.m */; };
		A03774511FEA96070051D41A /* YZChessView.m in Sources */ = {isa = PBXBuildFile; fileRef = A037744F1FEA96070051D41A /* YZChessView.m */; };
		A03774551FEE8A9F0051D41A /* YZChessPlace.m in Sources */ = {isa = PBXBuildFile; fileRef = A03774541FEE8A9F0051D41A /* YZChessPlace.m */; };
		A084451D20456CF900ECABF2 /* YZFlyAnimation.m in Sources */ = {isa = PBXBuildFile; fileRef = A084451C20456CF900ECABF2 /* YZFlyAnimation.m */; };
		A08445222045789F00ECABF2 /* eatChess.mp3 in Resources */ = {isa = PBXBuildFile; fileRef = A08445212045789F00ECABF2 /* eatChess.mp3 */; };
		A084452820457BF500ECABF2 /* go.mp3 in Resources */ = {isa = PBXBuildFile; fileRef = A084452720457BF500ECABF2 /* go.mp3 */; };
		A084452E20457C7500ECABF2 /* YZSettingViewController.m in Sources */ = {isa = PBXBuildFile; fileRef = A084452D20457C7500ECABF2 /* YZSettingViewController.m */; };
		A084453120457D3B00ECABF2 /* YZSettingTableView.m in Sources */ = {isa = PBXBuildFile; fileRef = A084453020457D3B00ECABF2 /* YZSettingTableView.m */; };
		A08445352045878700ECABF2 /* YZSettings.m in Sources */ = {isa = PBXBuildFile; fileRef = A08445342045878700ECABF2 /* YZSettings.m */; };
		A09AFE44205BE36C008AE15B /* YZNormalAITactics.m in Sources */ = {isa = PBXBuildFile; fileRef = A09AFE43205BE36C008AE15B /* YZNormalAITactics.m */; };
		A0FC10A520196921000AA35F /* YZMenuViewController.m in Sources */ = {isa = PBXBuildFile; fileRef = A0FC10A420196921000AA35F /* YZMenuViewController.m */; };
		A0FC10A820196931000AA35F /* YZMenuView.m in Sources */ = {isa = PBXBuildFile; fileRef = A0FC10A720196931000AA35F /* YZMenuView.m */; };
		A0FC10AC201969A9000AA35F /* YZChessViewController.m in Sources */ = {isa = PBXBuildFile; fileRef = A0FC10AB201969A9000AA35F /* YZChessViewController.m */; };
/* End PBXBuildFile section */

/* Begin PBXFileReference section */
		52D08F9C527793E65D0203C3 /* libPods-苏拉卡尔塔棋.a */ = {isa = PBXFileReference; explicitFileType = archive.ar; includeInIndex = 0; path = "libPods-苏拉卡尔塔棋.a"; sourceTree = BUILT_PRODUCTS_DIR; };
		A00F947E2042A0EE001D3AE5 /* YZWalkManager.h */ = {isa = PBXFileReference; lastKnownFileType = sourcecode.c.h; path = YZWalkManager.h; sourceTree = "<group>"; };
		A00F947F2042A0EE001D3AE5 /* YZWalkManager.m */ = {isa = PBXFileReference; lastKnownFileType = sourcecode.c.objc; path = YZWalkManager.m; sourceTree = "<group>"; };
		A00F94832042A691001D3AE5 /* YZFlyManager.h */ = {isa = PBXFileReference; lastKnownFileType = sourcecode.c.h; path = YZFlyManager.h; sourceTree = "<group>"; };
		A00F94842042A691001D3AE5 /* YZFlyManager.m */ = {isa = PBXFileReference; lastKnownFileType = sourcecode.c.objc; path = YZFlyManager.m; sourceTree = "<group>"; };
		A00FA8D420565FEF0071CCEA /* YZNormalAI.h */ = {isa = PBXFileReference; lastKnownFileType = sourcecode.c.h; path = YZNormalAI.h; sourceTree = "<group>"; };
		A00FA8D520565FEF0071CCEA /* YZNormalAI.m */ = {isa = PBXFileReference; lastKnownFileType = sourcecode.c.objc; path = YZNormalAI.m; sourceTree = "<group>"; };
		A03774351FEA95AD0051D41A /* 苏拉卡尔塔棋.app */ = {isa = PBXFileReference; explicitFileType = wrapper.application; includeInIndex = 0; path = "苏拉卡尔塔棋.app"; sourceTree = BUILT_PRODUCTS_DIR; };
		A03774381FEA95AD0051D41A /* AppDelegate.h */ = {isa = PBXFileReference; lastKnownFileType = sourcecode.c.h; path = AppDelegate.h; sourceTree = "<group>"; };
		A03774391FEA95AD0051D41A /* AppDelegate.m */ = {isa = PBXFileReference; lastKnownFileType = sourcecode.c.objc; path = AppDelegate.m; sourceTree = "<group>"; };
		A037743F1FEA95AD0051D41A /* Base */ = {isa = PBXFileReference; lastKnownFileType = file.storyboard; name = Base; path = Base.lproj/Main.storyboard; sourceTree = "<group>"; };
		A03774411FEA95AD0051D41A /* Assets.xcassets */ = {isa = PBXFileReference; lastKnownFileType = folder.assetcatalog; path = Assets.xcassets; sourceTree = "<group>"; };
		A03774441FEA95AD0051D41A /* Base */ = {isa = PBXFileReference; lastKnownFileType = file.storyboard; name = Base; path = Base.lproj/LaunchScreen.storyboard; sourceTree = "<group>"; };
		A03774461FEA95AD0051D41A /* Info.plist */ = {isa = PBXFileReference; lastKnownFileType = text.plist.xml; path = Info.plist; sourceTree = "<group>"; };
		A03774471FEA95AD0051D41A /* main.m */ = {isa = PBXFileReference; lastKnownFileType = sourcecode.c.objc; path = main.m; sourceTree = "<group>"; };
		A037744E1FEA95D40051D41A /* YZGeneral.pch */ = {isa = PBXFileReference; lastKnownFileType = sourcecode.c.h; path = YZGeneral.pch; sourceTree = "<group>"; };
		A037744F1FEA96070051D41A /* YZChessView.m */ = {isa = PBXFileReference; fileEncoding = 4; lastKnownFileType = sourcecode.c.objc; path = YZChessView.m; sourceTree = "<group>"; };
		A03774501FEA96070051D41A /* YZChessView.h */ = {isa = PBXFileReference; fileEncoding = 4; lastKnownFileType = sourcecode.c.h; path = YZChessView.h; sourceTree = "<group>"; };
		A03774531FEE8A9F0051D41A /* YZChessPlace.h */ = {isa = PBXFileReference; lastKnownFileType = sourcecode.c.h; path = YZChessPlace.h; sourceTree = "<group>"; };
		A03774541FEE8A9F0051D41A /* YZChessPlace.m */ = {isa = PBXFileReference; lastKnownFileType = sourcecode.c.objc; path = YZChessPlace.m; sourceTree = "<group>"; };
		A084451B20456CF900ECABF2 /* YZFlyAnimation.h */ = {isa = PBXFileReference; lastKnownFileType = sourcecode.c.h; path = YZFlyAnimation.h; sourceTree = "<group>"; };
		A084451C20456CF900ECABF2 /* YZFlyAnimation.m */ = {isa = PBXFileReference; lastKnownFileType = sourcecode.c.objc; path = YZFlyAnimation.m; sourceTree = "<group>"; };
		A08445212045789F00ECABF2 /* eatChess.mp3 */ = {isa = PBXFileReference; lastKnownFileType = audio.mp3; path = eatChess.mp3; sourceTree = "<group>"; };
		A084452720457BF500ECABF2 /* go.mp3 */ = {isa = PBXFileReference; lastKnownFileType = audio.mp3; path = go.mp3; sourceTree = "<group>"; };
		A084452C20457C7500ECABF2 /* YZSettingViewController.h */ = {isa = PBXFileReference; lastKnownFileType = sourcecode.c.h; path = YZSettingViewController.h; sourceTree = "<group>"; };
		A084452D20457C7500ECABF2 /* YZSettingViewController.m */ = {isa = PBXFileReference; lastKnownFileType = sourcecode.c.objc; path = YZSettingViewController.m; sourceTree = "<group>"; };
		A084452F20457D3B00ECABF2 /* YZSettingTableView.h */ = {isa = PBXFileReference; lastKnownFileType = sourcecode.c.h; path = YZSettingTableView.h; sourceTree = "<group>"; };
		A084453020457D3B00ECABF2 /* YZSettingTableView.m */ = {isa = PBXFileReference; lastKnownFileType = sourcecode.c.objc; path = YZSettingTableView.m; sourceTree = "<group>"; };
		A08445332045878700ECABF2 /* YZSettings.h */ = {isa = PBXFileReference; lastKnownFileType = sourcecode.c.h; path = YZSettings.h; sourceTree = "<group>"; };
		A08445342045878700ECABF2 /* YZSettings.m */ = {isa = PBXFileReference; lastKnownFileType = sourcecode.c.objc; path = YZSettings.m; sourceTree = "<group>"; };
		A09AFE42205BE36C008AE15B /* YZNormalAITactics.h */ = {isa = PBXFileReference; lastKnownFileType = sourcecode.c.h; path = YZNormalAITactics.h; sourceTree = "<group>"; };
		A09AFE43205BE36C008AE15B /* YZNormalAITactics.m */ = {isa = PBXFileReference; lastKnownFileType = sourcecode.c.objc; path = YZNormalAITactics.m; sourceTree = "<group>"; };
		A0FC10A320196921000AA35F /* YZMenuViewController.h */ = {isa = PBXFileReference; lastKnownFileType = sourcecode.c.h; path = YZMenuViewController.h; sourceTree = "<group>"; };
		A0FC10A420196921000AA35F /* YZMenuViewController.m */ = {isa = PBXFileReference; lastKnownFileType = sourcecode.c.objc; path = YZMenuViewController.m; sourceTree = "<group>"; };
		A0FC10A620196931000AA35F /* YZMenuView.h */ = {isa = PBXFileReference; lastKnownFileType = sourcecode.c.h; path = YZMenuView.h; sourceTree = "<group>"; };
		A0FC10A720196931000AA35F /* YZMenuView.m */ = {isa = PBXFileReference; lastKnownFileType = sourcecode.c.objc; path = YZMenuView.m; sourceTree = "<group>"; };
		A0FC10AA201969A9000AA35F /* YZChessViewController.h */ = {isa = PBXFileReference; lastKnownFileType = sourcecode.c.h; path = YZChessViewController.h; sourceTree = "<group>"; };
		A0FC10AB201969A9000AA35F /* YZChessViewController.m */ = {isa = PBXFileReference; lastKnownFileType = sourcecode.c.objc; path = YZChessViewController.m; sourceTree = "<group>"; };
		AC7BF90307B59AAFCF52187D /* Pods-苏拉卡尔塔棋.release.xcconfig */ = {isa = PBXFileReference; includeInIndex = 1; lastKnownFileType = text.xcconfig; name = "Pods-苏拉卡尔塔棋.release.xcconfig"; path = "Pods/Target Support Files/Pods-苏拉卡尔塔棋/Pods-苏拉卡尔塔棋.release.xcconfig"; sourceTree = "<group>"; };
		C89659726618A3E4641CBF15 /* Pods-苏拉卡尔塔棋.debug.xcconfig */ = {isa = PBXFileReference; includeInIndex = 1; lastKnownFileType = text.xcconfig; name = "Pods-苏拉卡尔塔棋.debug.xcconfig"; path = "Pods/Target Support Files/Pods-苏拉卡尔塔棋/Pods-苏拉卡尔塔棋.debug.xcconfig"; sourceTree = "<group>"; };
/* End PBXFileReference section */

/* Begin PBXFrameworksBuildPhase section */
		A03774321FEA95AD0051D41A /* Frameworks */ = {
			isa = PBXFrameworksBuildPhase;
			buildActionMask = 2147483647;
			files = (
				63A254A03495FEEA5E24E39B /* libPods-苏拉卡尔塔棋.a in Frameworks */,
			);
			runOnlyForDeploymentPostprocessing = 0;
		};
/* End PBXFrameworksBuildPhase section */

/* Begin PBXGroup section */
		A00F947D2042A0AC001D3AE5 /* walkManager */ = {
			isa = PBXGroup;
			children = (
				A00F947E2042A0EE001D3AE5 /* YZWalkManager.h */,
				A00F947F2042A0EE001D3AE5 /* YZWalkManager.m */,
			);
			path = walkManager;
			sourceTree = "<group>";
		};
		A00F94812042A671001D3AE5 /* flyManager */ = {
			isa = PBXGroup;
			children = (
				A00F94832042A691001D3AE5 /* YZFlyManager.h */,
				A00F94842042A691001D3AE5 /* YZFlyManager.m */,
			);
			path = flyManager;
			sourceTree = "<group>";
		};
		A00F94822042A679001D3AE5 /* chessPlace */ = {
			isa = PBXGroup;
			children = (
				A03774531FEE8A9F0051D41A /* YZChessPlace.h */,
				A03774541FEE8A9F0051D41A /* YZChessPlace.m */,
			);
			path = chessPlace;
			sourceTree = "<group>";
		};
		A00FA8D320565FD20071CCEA /* AI */ = {
			isa = PBXGroup;
			children = (
				A09AFE41205BE33D008AE15B /* AI战术 */,
				A00FA8D420565FEF0071CCEA /* YZNormalAI.h */,
				A00FA8D520565FEF0071CCEA /* YZNormalAI.m */,
			);
			path = AI;
			sourceTree = "<group>";
		};
		A037742C1FEA95AD0051D41A = {
			isa = PBXGroup;
			children = (
				A03774371FEA95AD0051D41A /* 苏拉卡尔塔棋 */,
				A03774361FEA95AD0051D41A /* Products */,
				DB181E5C54B828FE79D31A00 /* Pods */,
				B2A1168A3C9D258A12C8C294 /* Frameworks */,
			);
			sourceTree = "<group>";
		};
		A03774361FEA95AD0051D41A /* Products */ = {
			isa = PBXGroup;
			children = (
				A03774351FEA95AD0051D41A /* 苏拉卡尔塔棋.app */,
			);
			name = Products;
			sourceTree = "<group>";
		};
		A03774371FEA95AD0051D41A /* 苏拉卡尔塔棋 */ = {
			isa = PBXGroup;
			children = (
				A0FC10A0201968D6000AA35F /* 菜单 */,
				A084452920457C4000ECABF2 /* 设置 */,
				A0FC10AD20196A72000AA35F /* 棋盘 */,
				A0FC10A92019694D000AA35F /* extern */,
				A03774521FEA9A620051D41A /* model */,
				A03774381FEA95AD0051D41A /* AppDelegate.h */,
				A03774391FEA95AD0051D41A /* AppDelegate.m */,
				A037743E1FEA95AD0051D41A /* Main.storyboard */,
				A03774431FEA95AD0051D41A /* LaunchScreen.storyboard */,
				A03774461FEA95AD0051D41A /* Info.plist */,
				A03774471FEA95AD0051D41A /* main.m */,
			);
			path = "苏拉卡尔塔棋";
			sourceTree = "<group>";
		};
		A03774521FEA9A620051D41A /* model */ = {
			isa = PBXGroup;
			children = (
				A00FA8D320565FD20071CCEA /* AI */,
				A08445322045877200ECABF2 /* settings */,
				A00F94822042A679001D3AE5 /* chessPlace */,
				A00F94812042A671001D3AE5 /* flyManager */,
				A00F947D2042A0AC001D3AE5 /* walkManager */,
			);
			path = model;
			sourceTree = "<group>";
		};
		A084451A20456C6000ECABF2 /* 动画 */ = {
			isa = PBXGroup;
			children = (
				A084451B20456CF900ECABF2 /* YZFlyAnimation.h */,
				A084451C20456CF900ECABF2 /* YZFlyAnimation.m */,
			);
			path = "动画";
			sourceTree = "<group>";
		};
		A084451E204576D700ECABF2 /* Audio */ = {
			isa = PBXGroup;
			children = (
				A084452720457BF500ECABF2 /* go.mp3 */,
				A08445212045789F00ECABF2 /* eatChess.mp3 */,
			);
			path = Audio;
			sourceTree = "<group>";
		};
		A084452920457C4000ECABF2 /* 设置 */ = {
			isa = PBXGroup;
			children = (
				A084452B20457C5400ECABF2 /* C */,
				A084452A20457C4F00ECABF2 /* V */,
			);
			path = "设置";
			sourceTree = "<group>";
		};
		A084452A20457C4F00ECABF2 /* V */ = {
			isa = PBXGroup;
			children = (
				A084452F20457D3B00ECABF2 /* YZSettingTableView.h */,
				A084453020457D3B00ECABF2 /* YZSettingTableView.m */,
			);
			path = V;
			sourceTree = "<group>";
		};
		A084452B20457C5400ECABF2 /* C */ = {
			isa = PBXGroup;
			children = (
				A084452C20457C7500ECABF2 /* YZSettingViewController.h */,
				A084452D20457C7500ECABF2 /* YZSettingViewController.m */,
			);
			path = C;
			sourceTree = "<group>";
		};
		A08445322045877200ECABF2 /* settings */ = {
			isa = PBXGroup;
			children = (
				A08445332045878700ECABF2 /* YZSettings.h */,
				A08445342045878700ECABF2 /* YZSettings.m */,
			);
			path = settings;
			sourceTree = "<group>";
		};
		A09AFE41205BE33D008AE15B /* AI战术 */ = {
			isa = PBXGroup;
			children = (
				A09AFE42205BE36C008AE15B /* YZNormalAITactics.h */,
				A09AFE43205BE36C008AE15B /* YZNormalAITactics.m */,
			);
			path = "AI战术";
			sourceTree = "<group>";
		};
		A0FC10A0201968D6000AA35F /* 菜单 */ = {
			isa = PBXGroup;
			children = (
				A0FC10A2201968F6000AA35F /* C */,
				A0FC10A1201968EE000AA35F /* V */,
			);
			path = "菜单";
			sourceTree = "<group>";
		};
		A0FC10A1201968EE000AA35F /* V */ = {
			isa = PBXGroup;
			children = (
				A0FC10A620196931000AA35F /* YZMenuView.h */,
				A0FC10A720196931000AA35F /* YZMenuView.m */,
			);
			path = V;
			sourceTree = "<group>";
		};
		A0FC10A2201968F6000AA35F /* C */ = {
			isa = PBXGroup;
			children = (
				A0FC10A320196921000AA35F /* YZMenuViewController.h */,
				A0FC10A420196921000AA35F /* YZMenuViewController.m */,
			);
			path = C;
			sourceTree = "<group>";
		};
		A0FC10A92019694D000AA35F /* extern */ = {
			isa = PBXGroup;
			children = (
				A084451A20456C6000ECABF2 /* 动画 */,
				A084451E204576D700ECABF2 /* Audio */,
				A037744E1FEA95D40051D41A /* YZGeneral.pch */,
				A03774411FEA95AD0051D41A /* Assets.xcassets */,
			);
			path = extern;
			sourceTree = "<group>";
		};
		A0FC10AD20196A72000AA35F /* 棋盘 */ = {
			isa = PBXGroup;
			children = (
				A0FC10AF20196A8A000AA35F /* C */,
				A0FC10AE20196A7F000AA35F /* V */,
			);
			path = "棋盘";
			sourceTree = "<group>";
		};
		A0FC10AE20196A7F000AA35F /* V */ = {
			isa = PBXGroup;
			children = (
				A03774501FEA96070051D41A /* YZChessView.h */,
				A037744F1FEA96070051D41A /* YZChessView.m */,
			);
			path = V;
			sourceTree = "<group>";
		};
		A0FC10AF20196A8A000AA35F /* C */ = {
			isa = PBXGroup;
			children = (
				A0FC10AA201969A9000AA35F /* YZChessViewController.h */,
				A0FC10AB201969A9000AA35F /* YZChessViewController.m */,
			);
			path = C;
			sourceTree = "<group>";
		};
		B2A1168A3C9D258A12C8C294 /* Frameworks */ = {
			isa = PBXGroup;
			children = (
				52D08F9C527793E65D0203C3 /* libPods-苏拉卡尔塔棋.a */,
			);
			name = Frameworks;
			sourceTree = "<group>";
		};
		DB181E5C54B828FE79D31A00 /* Pods */ = {
			isa = PBXGroup;
			children = (
				C89659726618A3E4641CBF15 /* Pods-苏拉卡尔塔棋.debug.xcconfig */,
				AC7BF90307B59AAFCF52187D /* Pods-苏拉卡尔塔棋.release.xcconfig */,
			);
			name = Pods;
			sourceTree = "<group>";
		};
/* End PBXGroup section */

/* Begin PBXNativeTarget section */
		A03774341FEA95AD0051D41A /* 苏拉卡尔塔棋 */ = {
			isa = PBXNativeTarget;
			buildConfigurationList = A037744B1FEA95AD0051D41A /* Build configuration list for PBXNativeTarget "苏拉卡尔塔棋" */;
			buildPhases = (
				AF0F7A8DA653AD089162DED7 /* [CP] Check Pods Manifest.lock */,
				A03774311FEA95AD0051D41A /* Sources */,
				A03774321FEA95AD0051D41A /* Frameworks */,
				A03774331FEA95AD0051D41A /* Resources */,
				76D1802EDECC741F3F615249 /* [CP] Embed Pods Frameworks */,
				A717D3D9E16462DD31052A65 /* [CP] Copy Pods Resources */,
			);
			buildRules = (
			);
			dependencies = (
			);
			name = "苏拉卡尔塔棋";
			productName = "苏拉卡尔塔棋";
			productReference = A03774351FEA95AD0051D41A /* 苏拉卡尔塔棋.app */;
			productType = "com.apple.product-type.application";
		};
/* End PBXNativeTarget section */

/* Begin PBXProject section */
		A037742D1FEA95AD0051D41A /* Project object */ = {
			isa = PBXProject;
			attributes = {
				LastUpgradeCheck = 0920;
				ORGANIZATIONNAME = "Q YiZhong";
				TargetAttributes = {
					A03774341FEA95AD0051D41A = {
						CreatedOnToolsVersion = 9.2;
						ProvisioningStyle = Automatic;
					};
				};
			};
			buildConfigurationList = A03774301FEA95AD0051D41A /* Build configuration list for PBXProject "苏拉卡尔塔棋" */;
			compatibilityVersion = "Xcode 8.0";
			developmentRegion = en;
			hasScannedForEncodings = 0;
			knownRegions = (
				en,
				Base,
			);
			mainGroup = A037742C1FEA95AD0051D41A;
			productRefGroup = A03774361FEA95AD0051D41A /* Products */;
			projectDirPath = "";
			projectRoot = "";
			targets = (
				A03774341FEA95AD0051D41A /* 苏拉卡尔塔棋 */,
			);
		};
/* End PBXProject section */

/* Begin PBXResourcesBuildPhase section */
		A03774331FEA95AD0051D41A /* Resources */ = {
			isa = PBXResourcesBuildPhase;
			buildActionMask = 2147483647;
			files = (
				A03774451FEA95AD0051D41A /* LaunchScreen.storyboard in Resources */,
				A03774421FEA95AD0051D41A /* Assets.xcassets in Resources */,
				A08445222045789F00ECABF2 /* eatChess.mp3 in Resources */,
				A03774401FEA95AD0051D41A /* Main.storyboard in Resources */,
				A084452820457BF500ECABF2 /* go.mp3 in Resources */,
			);
			runOnlyForDeploymentPostprocessing = 0;
		};
/* End PBXResourcesBuildPhase section */

/* Begin PBXShellScriptBuildPhase section */
		76D1802EDECC741F3F615249 /* [CP] Embed Pods Frameworks */ = {
			isa = PBXShellScriptBuildPhase;
			buildActionMask = 2147483647;
			files = (
			);
			inputPaths = (
			);
			name = "[CP] Embed Pods Frameworks";
			outputPaths = (
			);
			runOnlyForDeploymentPostprocessing = 0;
			shellPath = /bin/sh;
			shellScript = "\"${SRCROOT}/Pods/Target Support Files/Pods-苏拉卡尔塔棋/Pods-苏拉卡尔塔棋-frameworks.sh\"\n";
			showEnvVarsInLog = 0;
		};
		A717D3D9E16462DD31052A65 /* [CP] Copy Pods Resources */ = {
			isa = PBXShellScriptBuildPhase;
			buildActionMask = 2147483647;
			files = (
			);
			inputPaths = (
			);
			name = "[CP] Copy Pods Resources";
			outputPaths = (
			);
			runOnlyForDeploymentPostprocessing = 0;
			shellPath = /bin/sh;
			shellScript = "\"${SRCROOT}/Pods/Target Support Files/Pods-苏拉卡尔塔棋/Pods-苏拉卡尔塔棋-resources.sh\"\n";
			showEnvVarsInLog = 0;
		};
		AF0F7A8DA653AD089162DED7 /* [CP] Check Pods Manifest.lock */ = {
			isa = PBXShellScriptBuildPhase;
			buildActionMask = 2147483647;
			files = (
			);
			inputPaths = (
				"${PODS_PODFILE_DIR_PATH}/Podfile.lock",
				"${PODS_ROOT}/Manifest.lock",
			);
			name = "[CP] Check Pods Manifest.lock";
			outputPaths = (
				"$(DERIVED_FILE_DIR)/Pods-苏拉卡尔塔棋-checkManifestLockResult.txt",
			);
			runOnlyForDeploymentPostprocessing = 0;
			shellPath = /bin/sh;
			shellScript = "diff \"${PODS_PODFILE_DIR_PATH}/Podfile.lock\" \"${PODS_ROOT}/Manifest.lock\" > /dev/null\nif [ $? != 0 ] ; then\n    # print error to STDERR\n    echo \"error: The sandbox is not in sync with the Podfile.lock. Run 'pod install' or update your CocoaPods installation.\" >&2\n    exit 1\nfi\n# This output is used by Xcode 'outputs' to avoid re-running this script phase.\necho \"SUCCESS\" > \"${SCRIPT_OUTPUT_FILE_0}\"\n";
			showEnvVarsInLog = 0;
		};
/* End PBXShellScriptBuildPhase section */

/* Begin PBXSourcesBuildPhase section */
		A03774311FEA95AD0051D41A /* Sources */ = {
			isa = PBXSourcesBuildPhase;
			buildActionMask = 2147483647;
			files = (
				A03774511FEA96070051D41A /* YZChessView.m in Sources */,
				A084451D20456CF900ECABF2 /* YZFlyAnimation.m in Sources */,
				A03774551FEE8A9F0051D41A /* YZChessPlace.m in Sources */,
				A0FC10AC201969A9000AA35F /* YZChessViewController.m in Sources */,
				A084452E20457C7500ECABF2 /* YZSettingViewController.m in Sources */,
				A03774481FEA95AD0051D41A /* main.m in Sources */,
				A0FC10A520196921000AA35F /* YZMenuViewController.m in Sources */,
				A09AFE44205BE36C008AE15B /* YZNormalAITactics.m in Sources */,
				A00F94802042A0EE001D3AE5 /* YZWalkManager.m in Sources */,
				A0FC10A820196931000AA35F /* YZMenuView.m in Sources */,
				A037743A1FEA95AD0051D41A /* AppDelegate.m in Sources */,
				A08445352045878700ECABF2 /* YZSettings.m in Sources */,
				A00FA8D620565FEF0071CCEA /* YZNormalAI.m in Sources */,
				A00F94852042A691001D3AE5 /* YZFlyManager.m in Sources */,
				A084453120457D3B00ECABF2 /* YZSettingTableView.m in Sources */,
			);
			runOnlyForDeploymentPostprocessing = 0;
		};
/* End PBXSourcesBuildPhase section */

/* Begin PBXVariantGroup section */
		A037743E1FEA95AD0051D41A /* Main.storyboard */ = {
			isa = PBXVariantGroup;
			children = (
				A037743F1FEA95AD0051D41A /* Base */,
			);
			name = Main.storyboard;
			sourceTree = "<group>";
		};
		A03774431FEA95AD0051D41A /* LaunchScreen.storyboard */ = {
			isa = PBXVariantGroup;
			children = (
				A03774441FEA95AD0051D41A /* Base */,
			);
			name = LaunchScreen.storyboard;
			sourceTree = "<group>";
		};
/* End PBXVariantGroup section */

/* Begin XCBuildConfiguration section */
		A03774491FEA95AD0051D41A /* Debug */ = {
			isa = XCBuildConfiguration;
			buildSettings = {
				ALWAYS_SEARCH_USER_PATHS = NO;
				CLANG_ANALYZER_NONNULL = YES;
				CLANG_ANALYZER_NUMBER_OBJECT_CONVERSION = YES_AGGRESSIVE;
				CLANG_CXX_LANGUAGE_STANDARD = "gnu++14";
				CLANG_CXX_LIBRARY = "libc++";
				CLANG_ENABLE_MODULES = YES;
				CLANG_ENABLE_OBJC_ARC = YES;
				CLANG_WARN_BLOCK_CAPTURE_AUTORELEASING = YES;
				CLANG_WARN_BOOL_CONVERSION = YES;
				CLANG_WARN_COMMA = YES;
				CLANG_WARN_CONSTANT_CONVERSION = YES;
				CLANG_WARN_DIRECT_OBJC_ISA_USAGE = YES_ERROR;
				CLANG_WARN_DOCUMENTATION_COMMENTS = YES;
				CLANG_WARN_EMPTY_BODY = YES;
				CLANG_WARN_ENUM_CONVERSION = YES;
				CLANG_WARN_INFINITE_RECURSION = YES;
				CLANG_WARN_INT_CONVERSION = YES;
				CLANG_WARN_NON_LITERAL_NULL_CONVERSION = YES;
				CLANG_WARN_OBJC_LITERAL_CONVERSION = YES;
				CLANG_WARN_OBJC_ROOT_CLASS = YES_ERROR;
				CLANG_WARN_RANGE_LOOP_ANALYSIS = YES;
				CLANG_WARN_STRICT_PROTOTYPES = YES;
				CLANG_WARN_SUSPICIOUS_MOVE = YES;
				CLANG_WARN_UNGUARDED_AVAILABILITY = YES_AGGRESSIVE;
				CLANG_WARN_UNREACHABLE_CODE = YES;
				CLANG_WARN__DUPLICATE_METHOD_MATCH = YES;
				CODE_SIGN_IDENTITY = "iPhone Developer";
				COPY_PHASE_STRIP = NO;
				DEBUG_INFORMATION_FORMAT = dwarf;
				ENABLE_STRICT_OBJC_MSGSEND = YES;
				ENABLE_TESTABILITY = YES;
				GCC_C_LANGUAGE_STANDARD = gnu11;
				GCC_DYNAMIC_NO_PIC = NO;
				GCC_NO_COMMON_BLOCKS = YES;
				GCC_OPTIMIZATION_LEVEL = 0;
				GCC_PREPROCESSOR_DEFINITIONS = (
					"DEBUG=1",
					"$(inherited)",
				);
				GCC_WARN_64_TO_32_BIT_CONVERSION = YES;
				GCC_WARN_ABOUT_RETURN_TYPE = YES_ERROR;
				GCC_WARN_UNDECLARED_SELECTOR = YES;
				GCC_WARN_UNINITIALIZED_AUTOS = YES_AGGRESSIVE;
				GCC_WARN_UNUSED_FUNCTION = YES;
				GCC_WARN_UNUSED_VARIABLE = YES;
				IPHONEOS_DEPLOYMENT_TARGET = 11.2;
				MTL_ENABLE_DEBUG_INFO = YES;
				ONLY_ACTIVE_ARCH = YES;
				SDKROOT = iphoneos;
			};
			name = Debug;
		};
		A037744A1FEA95AD0051D41A /* Release */ = {
			isa = XCBuildConfiguration;
			buildSettings = {
				ALWAYS_SEARCH_USER_PATHS = NO;
				CLANG_ANALYZER_NONNULL = YES;
				CLANG_ANALYZER_NUMBER_OBJECT_CONVERSION = YES_AGGRESSIVE;
				CLANG_CXX_LANGUAGE_STANDARD = "gnu++14";
				CLANG_CXX_LIBRARY = "libc++";
				CLANG_ENABLE_MODULES = YES;
				CLANG_ENABLE_OBJC_ARC = YES;
				CLANG_WARN_BLOCK_CAPTURE_AUTORELEASING = YES;
				CLANG_WARN_BOOL_CONVERSION = YES;
				CLANG_WARN_COMMA = YES;
				CLANG_WARN_CONSTANT_CONVERSION = YES;
				CLANG_WARN_DIRECT_OBJC_ISA_USAGE = YES_ERROR;
				CLANG_WARN_DOCUMENTATION_COMMENTS = YES;
				CLANG_WARN_EMPTY_BODY = YES;
				CLANG_WARN_ENUM_CONVERSION = YES;
				CLANG_WARN_INFINITE_RECURSION = YES;
				CLANG_WARN_INT_CONVERSION = YES;
				CLANG_WARN_NON_LITERAL_NULL_CONVERSION = YES;
				CLANG_WARN_OBJC_LITERAL_CONVERSION = YES;
				CLANG_WARN_OBJC_ROOT_CLASS = YES_ERROR;
				CLANG_WARN_RANGE_LOOP_ANALYSIS = YES;
				CLANG_WARN_STRICT_PROTOTYPES = YES;
				CLANG_WARN_SUSPICIOUS_MOVE = YES;
				CLANG_WARN_UNGUARDED_AVAILABILITY = YES_AGGRESSIVE;
				CLANG_WARN_UNREACHABLE_CODE = YES;
				CLANG_WARN__DUPLICATE_METHOD_MATCH = YES;
				CODE_SIGN_IDENTITY = "iPhone Developer";
				COPY_PHASE_STRIP = NO;
				DEBUG_INFORMATION_FORMAT = "dwarf-with-dsym";
				ENABLE_NS_ASSERTIONS = NO;
				ENABLE_STRICT_OBJC_MSGSEND = YES;
				GCC_C_LANGUAGE_STANDARD = gnu11;
				GCC_NO_COMMON_BLOCKS = YES;
				GCC_WARN_64_TO_32_BIT_CONVERSION = YES;
				GCC_WARN_ABOUT_RETURN_TYPE = YES_ERROR;
				GCC_WARN_UNDECLARED_SELECTOR = YES;
				GCC_WARN_UNINITIALIZED_AUTOS = YES_AGGRESSIVE;
				GCC_WARN_UNUSED_FUNCTION = YES;
				GCC_WARN_UNUSED_VARIABLE = YES;
				IPHONEOS_DEPLOYMENT_TARGET = 11.2;
				MTL_ENABLE_DEBUG_INFO = NO;
				SDKROOT = iphoneos;
				VALIDATE_PRODUCT = YES;
			};
			name = Release;
		};
		A037744C1FEA95AD0051D41A /* Debug */ = {
			isa = XCBuildConfiguration;
			baseConfigurationReference = C89659726618A3E4641CBF15 /* Pods-苏拉卡尔塔棋.debug.xcconfig */;
			buildSettings = {
				ASSETCATALOG_COMPILER_APPICON_NAME = AppIcon;
				CODE_SIGN_STYLE = Automatic;
				DEVELOPMENT_TEAM = 437JAL24TE;
				GCC_PREFIX_HEADER = "$(SRCROOT)/苏拉卡尔塔棋/extern/YZGeneral.pch";
				INFOPLIST_FILE = "苏拉卡尔塔棋/Info.plist";
				IPHONEOS_DEPLOYMENT_TARGET = 10.0;
				LD_RUNPATH_SEARCH_PATHS = "$(inherited) @executable_path/Frameworks";
				PRODUCT_BUNDLE_IDENTIFIER = "QYizhong.------";
				PRODUCT_NAME = "$(TARGET_NAME)";
				TARGETED_DEVICE_FAMILY = "1,2";
			};
			name = Debug;
		};
		A037744D1FEA95AD0051D41A /* Release */ = {
			isa = XCBuildConfiguration;
			baseConfigurationReference = AC7BF90307B59AAFCF52187D /* Pods-苏拉卡尔塔棋.release.xcconfig */;
			buildSettings = {
				ASSETCATALOG_COMPILER_APPICON_NAME = AppIcon;
				CODE_SIGN_STYLE = Automatic;
				DEVELOPMENT_TEAM = 437JAL24TE;
				GCC_PREFIX_HEADER = "$(SRCROOT)/苏拉卡尔塔棋/extern/YZGeneral.pch";
				INFOPLIST_FILE = "苏拉卡尔塔棋/Info.plist";
				IPHONEOS_DEPLOYMENT_TARGET = 10.0;
				LD_RUNPATH_SEARCH_PATHS = "$(inherited) @executable_path/Frameworks";
				PRODUCT_BUNDLE_IDENTIFIER = "QYizhong.------";
				PRODUCT_NAME = "$(TARGET_NAME)";
				TARGETED_DEVICE_FAMILY = "1,2";
			};
			name = Release;
		};
/* End XCBuildConfiguration section */

/* Begin XCConfigurationList section */
		A03774301FEA95AD0051D41A /* Build configuration list for PBXProject "苏拉卡尔塔棋" */ = {
			isa = XCConfigurationList;
			buildConfigurations = (
				A03774491FEA95AD0051D41A /* Debug */,
				A037744A1FEA95AD0051D41A /* Release */,
			);
			defaultConfigurationIsVisible = 0;
			defaultConfigurationName = Release;
		};
		A037744B1FEA95AD0051D41A /* Build configuration list for PBXNativeTarget "苏拉卡尔塔棋" */ = {
			isa = XCConfigurationList;
			buildConfigurations = (
				A037744C1FEA95AD0051D41A /* Debug */,
				A037744D1FEA95AD0051D41A /* Release */,
			);
			defaultConfigurationIsVisible = 0;
			defaultConfigurationName = Release;
		};
/* End XCConfigurationList section */
	};
	rootObject = A037742D1FEA95AD0051D41A /* Project object */;
}
